
Microsoft Visual Studio Solution File, Format Version 12.00
# Visual Studio Version 17
VisualStudioVersion = 17.8.34330.188
MinimumVisualStudioVersion = 10.0.40219.1
Project("{9A19103F-16F7-4668-BE54-9A1E7A4F7556}") = "connections-app-ui", "connections-app-ui\connections-app-ui.csproj", "{18034C50-1938-4715-9A69-334905F13CC9}"
EndProject
Project("{9A19103F-16F7-4668-BE54-9A1E7A4F7556}") = "connections-app-ui.Core", "connections-app-ui.Core\connections-app-ui.Core.csproj", "{4AF70AA3-9DCB-4F19-9D7E-DB75B2AA2986}"
EndProject
Project("{2150E333-8FDC-42A3-9474-1A3956D46DE8}") = "Solution Items", "Solution Items", "{BBC0352F-DA5F-45DF-9267-6A0E175C5A60}"
	ProjectSection(SolutionItems) = preProject
		doc\planning\Connections_CRUD.md = doc\planning\Connections_CRUD.md
		doc\planning\Connections_CRUD.png = doc\planning\Connections_CRUD.png
		doc\planning\Glossary.md = doc\planning\Glossary.md
		doc\planning\Roadmap.md = doc\planning\Roadmap.md
	EndProjectSection
EndProject
Global
	GlobalSection(SolutionConfigurationPlatforms) = preSolution
		Debug|Any CPU = Debug|Any CPU
		Release|Any CPU = Release|Any CPU
	EndGlobalSection
	GlobalSection(ProjectConfigurationPlatforms) = postSolution
		{18034C50-1938-4715-9A69-334905F13CC9}.Debug|Any CPU.ActiveCfg = Debug|Any CPU
		{18034C50-1938-4715-9A69-334905F13CC9}.Debug|Any CPU.Build.0 = Debug|Any CPU
		{18034C50-1938-4715-9A69-334905F13CC9}.Release|Any CPU.ActiveCfg = Release|Any CPU
		{18034C50-1938-4715-9A69-334905F13CC9}.Release|Any CPU.Build.0 = Release|Any CPU
		{4AF70AA3-9DCB-4F19-9D7E-DB75B2AA2986}.Debug|Any CPU.ActiveCfg = Debug|Any CPU
		{4AF70AA3-9DCB-4F19-9D7E-DB75B2AA2986}.Debug|Any CPU.Build.0 = Debug|Any CPU
		{4AF70AA3-9DCB-4F19-9D7E-DB75B2AA2986}.Release|Any CPU.ActiveCfg = Release|Any CPU
		{4AF70AA3-9DCB-4F19-9D7E-DB75B2AA2986}.Release|Any CPU.Build.0 = Release|Any CPU
	EndGlobalSection
	GlobalSection(SolutionProperties) = preSolution
		HideSolutionNode = FALSE
	EndGlobalSection
	GlobalSection(ExtensibilityGlobals) = postSolution
		SolutionGuid = {A4BCA06E-5D61-4296-BF18-4B58CF991646}
	EndGlobalSection
EndGlobal
